
Microsoft Visual Studio Solution File, Format Version 12.00
# Visual Studio Version 17
VisualStudioVersion = 17.3.32922.545
MinimumVisualStudioVersion = 10.0.40219.1
Project("{FAE04EC0-301F-11D3-BF4B-00C04F79EFBC}") = "lambda", "lambda.csproj", "{AFAD208E-BD52-4690-B22B-1FE4CACDA757}"
EndProject
Global
	GlobalSection(SolutionConfigurationPlatforms) = preSolution
		Debug|Any CPU = Debug|Any CPU
		Release|Any CPU = Release|Any CPU
	EndGlobalSection
	GlobalSection(ProjectConfigurationPlatforms) = postSolution
		{AFAD208E-BD52-4690-B22B-1FE4CACDA757}.Debug|Any CPU.ActiveCfg = Debug|Any CPU
		{AFAD208E-BD52-4690-B22B-1FE4CACDA757}.Debug|Any CPU.Build.0 = Debug|Any CPU
		{AFAD208E-BD52-4690-B22B-1FE4CACDA757}.Release|Any CPU.ActiveCfg = Release|Any CPU
		{AFAD208E-BD52-4690-B22B-1FE4CACDA757}.Release|Any CPU.Build.0 = Release|Any CPU
	EndGlobalSection
	GlobalSection(SolutionProperties) = preSolution
		HideSolutionNode = FALSE
	EndGlobalSection
	GlobalSection(ExtensibilityGlobals) = postSolution
		SolutionGuid = {74DA48E0-93EB-4AE0-857E-130436F1F0D9}
	EndGlobalSection
EndGlobal
